// !$*UTF8*$!
{
	archiveVersion = 1;
	classes = {
	};
	objectVersion = 50;
	objects = {

/* Begin PBXBuildFile section */
		7802B1D3FD67C1E2609BD3AF /* Pods_AgentDesksAssignmentTests.framework in Frameworks */ = {isa = PBXBuildFile; fileRef = B1881934C270663229B2CB9B /* Pods_AgentDesksAssignmentTests.framework */; };
		A30B6DF720A4C7D5001D6E4B /* AppDelegate.swift in Sources */ = {isa = PBXBuildFile; fileRef = A30B6DF620A4C7D5001D6E4B /* AppDelegate.swift */; };
		A30B6DF920A4C7D5001D6E4B /* ViewController.swift in Sources */ = {isa = PBXBuildFile; fileRef = A30B6DF820A4C7D5001D6E4B /* ViewController.swift */; };
		A30B6DFC20A4C7D5001D6E4B /* Main.storyboard in Resources */ = {isa = PBXBuildFile; fileRef = A30B6DFA20A4C7D5001D6E4B /* Main.storyboard */; };
		A30B6DFF20A4C7D5001D6E4B /* AgentDesksAssignment.xcdatamodeld in Sources */ = {isa = PBXBuildFile; fileRef = A30B6DFD20A4C7D5001D6E4B /* AgentDesksAssignment.xcdatamodeld */; };
		A30B6E0120A4C7D6001D6E4B /* Assets.xcassets in Resources */ = {isa = PBXBuildFile; fileRef = A30B6E0020A4C7D6001D6E4B /* Assets.xcassets */; };
		A30B6E0420A4C7D6001D6E4B /* LaunchScreen.storyboard in Resources */ = {isa = PBXBuildFile; fileRef = A30B6E0220A4C7D6001D6E4B /* LaunchScreen.storyboard */; };
		A30B6E0F20A4C7D6001D6E4B /* AgentDesksAssignmentTests.swift in Sources */ = {isa = PBXBuildFile; fileRef = A30B6E0E20A4C7D6001D6E4B /* AgentDesksAssignmentTests.swift */; };
		A30B6E1A20A4C7D6001D6E4B /* AgentDesksAssignmentUITests.swift in Sources */ = {isa = PBXBuildFile; fileRef = A30B6E1920A4C7D6001D6E4B /* AgentDesksAssignmentUITests.swift */; };
		A30B6E2B20A4C81E001D6E4B /* PopoverView.swift in Sources */ = {isa = PBXBuildFile; fileRef = A30B6E2820A4C81E001D6E4B /* PopoverView.swift */; };
		A30B6E2C20A4C81E001D6E4B /* UiView+XIB.swift in Sources */ = {isa = PBXBuildFile; fileRef = A30B6E2920A4C81E001D6E4B /* UiView+XIB.swift */; };
		A30B6E2D20A4C81E001D6E4B /* PopoverView.xib in Resources */ = {isa = PBXBuildFile; fileRef = A30B6E2A20A4C81E001D6E4B /* PopoverView.xib */; };
		A30B6E2F20A4CA52001D6E4B /* FacilitiesInteractor.swift in Sources */ = {isa = PBXBuildFile; fileRef = A30B6E2E20A4CA52001D6E4B /* FacilitiesInteractor.swift */; };
		A30B6E3120A4CA70001D6E4B /* FacilitiesInteractor+Alamofire.swift in Sources */ = {isa = PBXBuildFile; fileRef = A30B6E3020A4CA70001D6E4B /* FacilitiesInteractor+Alamofire.swift */; };
		D3940215F7FFF64283660389 /* Pods_AgentDesksAssignmentUITests.framework in Frameworks */ = {isa = PBXBuildFile; fileRef = FCC8DA90FB878F9370EDD8D9 /* Pods_AgentDesksAssignmentUITests.framework */; };
		ECBD8FC7C144919C5ABDA815 /* Pods_AgentDesksAssignment.framework in Frameworks */ = {isa = PBXBuildFile; fileRef = 089749B14956A97FF009C2F0 /* Pods_AgentDesksAssignment.framework */; };
/* End PBXBuildFile section */

/* Begin PBXContainerItemProxy section */
		A30B6E0B20A4C7D6001D6E4B /* PBXContainerItemProxy */ = {
			isa = PBXContainerItemProxy;
			containerPortal = A30B6DEB20A4C7D5001D6E4B /* Project object */;
			proxyType = 1;
			remoteGlobalIDString = A30B6DF220A4C7D5001D6E4B;
			remoteInfo = AgentDesksAssignment;
		};
		A30B6E1620A4C7D6001D6E4B /* PBXContainerItemProxy */ = {
			isa = PBXContainerItemProxy;
			containerPortal = A30B6DEB20A4C7D5001D6E4B /* Project object */;
			proxyType = 1;
			remoteGlobalIDString = A30B6DF220A4C7D5001D6E4B;
			remoteInfo = AgentDesksAssignment;
		};
/* End PBXContainerItemProxy section */

/* Begin PBXFileReference section */
		00804FB995413D20F4F90C57 /* Pods-AgentDesksAssignment.debug.xcconfig */ = {isa = PBXFileReference; includeInIndex = 1; lastKnownFileType = text.xcconfig; name = "Pods-AgentDesksAssignment.debug.xcconfig"; path = "Pods/Target Support Files/Pods-AgentDesksAssignment/Pods-AgentDesksAssignment.debug.xcconfig"; sourceTree = "<group>"; };
		089749B14956A97FF009C2F0 /* Pods_AgentDesksAssignment.framework */ = {isa = PBXFileReference; explicitFileType = wrapper.framework; includeInIndex = 0; path = Pods_AgentDesksAssignment.framework; sourceTree = BUILT_PRODUCTS_DIR; };
		37BF70E12CEEFF85F7883A47 /* Pods-AgentDesksAssignmentUITests.release.xcconfig */ = {isa = PBXFileReference; includeInIndex = 1; lastKnownFileType = text.xcconfig; name = "Pods-AgentDesksAssignmentUITests.release.xcconfig"; path = "Pods/Target Support Files/Pods-AgentDesksAssignmentUITests/Pods-AgentDesksAssignmentUITests.release.xcconfig"; sourceTree = "<group>"; };
		88100DC709336D1617EBD7A4 /* Pods-AgentDesksAssignment.release.xcconfig */ = {isa = PBXFileReference; includeInIndex = 1; lastKnownFileType = text.xcconfig; name = "Pods-AgentDesksAssignment.release.xcconfig"; path = "Pods/Target Support Files/Pods-AgentDesksAssignment/Pods-AgentDesksAssignment.release.xcconfig"; sourceTree = "<group>"; };
		999A4F7BD9F2E74F2170C642 /* Pods-AgentDesksAssignmentTests.debug.xcconfig */ = {isa = PBXFileReference; includeInIndex = 1; lastKnownFileType = text.xcconfig; name = "Pods-AgentDesksAssignmentTests.debug.xcconfig"; path = "Pods/Target Support Files/Pods-AgentDesksAssignmentTests/Pods-AgentDesksAssignmentTests.debug.xcconfig"; sourceTree = "<group>"; };
		9E56AAD99872627E45A6E903 /* Pods-AgentDesksAssignmentUITests.debug.xcconfig */ = {isa = PBXFileReference; includeInIndex = 1; lastKnownFileType = text.xcconfig; name = "Pods-AgentDesksAssignmentUITests.debug.xcconfig"; path = "Pods/Target Support Files/Pods-AgentDesksAssignmentUITests/Pods-AgentDesksAssignmentUITests.debug.xcconfig"; sourceTree = "<group>"; };
		A30B6DF320A4C7D5001D6E4B /* AgentDesksAssignment.app */ = {isa = PBXFileReference; explicitFileType = wrapper.application; includeInIndex = 0; path = AgentDesksAssignment.app; sourceTree = BUILT_PRODUCTS_DIR; };
		A30B6DF620A4C7D5001D6E4B /* AppDelegate.swift */ = {isa = PBXFileReference; lastKnownFileType = sourcecode.swift; path = AppDelegate.swift; sourceTree = "<group>"; };
		A30B6DF820A4C7D5001D6E4B /* ViewController.swift */ = {isa = PBXFileReference; lastKnownFileType = sourcecode.swift; path = ViewController.swift; sourceTree = "<group>"; };
		A30B6DFB20A4C7D5001D6E4B /* Base */ = {isa = PBXFileReference; lastKnownFileType = file.storyboard; name = Base; path = Base.lproj/Main.storyboard; sourceTree = "<group>"; };
		A30B6DFE20A4C7D5001D6E4B /* AgentDesksAssignment.xcdatamodel */ = {isa = PBXFileReference; lastKnownFileType = wrapper.xcdatamodel; path = AgentDesksAssignment.xcdatamodel; sourceTree = "<group>"; };
		A30B6E0020A4C7D6001D6E4B /* Assets.xcassets */ = {isa = PBXFileReference; lastKnownFileType = folder.assetcatalog; path = Assets.xcassets; sourceTree = "<group>"; };
		A30B6E0320A4C7D6001D6E4B /* Base */ = {isa = PBXFileReference; lastKnownFileType = file.storyboard; name = Base; path = Base.lproj/LaunchScreen.storyboard; sourceTree = "<group>"; };
		A30B6E0520A4C7D6001D6E4B /* Info.plist */ = {isa = PBXFileReference; lastKnownFileType = text.plist.xml; path = Info.plist; sourceTree = "<group>"; };
		A30B6E0A20A4C7D6001D6E4B /* AgentDesksAssignmentTests.xctest */ = {isa = PBXFileReference; explicitFileType = wrapper.cfbundle; includeInIndex = 0; path = AgentDesksAssignmentTests.xctest; sourceTree = BUILT_PRODUCTS_DIR; };
		A30B6E0E20A4C7D6001D6E4B /* AgentDesksAssignmentTests.swift */ = {isa = PBXFileReference; lastKnownFileType = sourcecode.swift; path = AgentDesksAssignmentTests.swift; sourceTree = "<group>"; };
		A30B6E1020A4C7D6001D6E4B /* Info.plist */ = {isa = PBXFileReference; lastKnownFileType = text.plist.xml; path = Info.plist; sourceTree = "<group>"; };
		A30B6E1520A4C7D6001D6E4B /* AgentDesksAssignmentUITests.xctest */ = {isa = PBXFileReference; explicitFileType = wrapper.cfbundle; includeInIndex = 0; path = AgentDesksAssignmentUITests.xctest; sourceTree = BUILT_PRODUCTS_DIR; };
		A30B6E1920A4C7D6001D6E4B /* AgentDesksAssignmentUITests.swift */ = {isa = PBXFileReference; lastKnownFileType = sourcecode.swift; path = AgentDesksAssignmentUITests.swift; sourceTree = "<group>"; };
		A30B6E1B20A4C7D6001D6E4B /* Info.plist */ = {isa = PBXFileReference; lastKnownFileType = text.plist.xml; path = Info.plist; sourceTree = "<group>"; };
		A30B6E2820A4C81E001D6E4B /* PopoverView.swift */ = {isa = PBXFileReference; fileEncoding = 4; lastKnownFileType = sourcecode.swift; path = PopoverView.swift; sourceTree = "<group>"; };
		A30B6E2920A4C81E001D6E4B /* UiView+XIB.swift */ = {isa = PBXFileReference; fileEncoding = 4; lastKnownFileType = sourcecode.swift; path = "UiView+XIB.swift"; sourceTree = "<group>"; };
		A30B6E2A20A4C81E001D6E4B /* PopoverView.xib */ = {isa = PBXFileReference; fileEncoding = 4; lastKnownFileType = file.xib; path = PopoverView.xib; sourceTree = "<group>"; };
		A30B6E2E20A4CA52001D6E4B /* FacilitiesInteractor.swift */ = {isa = PBXFileReference; lastKnownFileType = sourcecode.swift; path = FacilitiesInteractor.swift; sourceTree = "<group>"; };
		A30B6E3020A4CA70001D6E4B /* FacilitiesInteractor+Alamofire.swift */ = {isa = PBXFileReference; lastKnownFileType = sourcecode.swift; path = "FacilitiesInteractor+Alamofire.swift"; sourceTree = "<group>"; };
		B1881934C270663229B2CB9B /* Pods_AgentDesksAssignmentTests.framework */ = {isa = PBXFileReference; explicitFileType = wrapper.framework; includeInIndex = 0; path = Pods_AgentDesksAssignmentTests.framework; sourceTree = BUILT_PRODUCTS_DIR; };
		DEE38B3BC8D76A419C4DD5CC /* Pods-AgentDesksAssignmentTests.release.xcconfig */ = {isa = PBXFileReference; includeInIndex = 1; lastKnownFileType = text.xcconfig; name = "Pods-AgentDesksAssignmentTests.release.xcconfig"; path = "Pods/Target Support Files/Pods-AgentDesksAssignmentTests/Pods-AgentDesksAssignmentTests.release.xcconfig"; sourceTree = "<group>"; };
		FCC8DA90FB878F9370EDD8D9 /* Pods_AgentDesksAssignmentUITests.framework */ = {isa = PBXFileReference; explicitFileType = wrapper.framework; includeInIndex = 0; path = Pods_AgentDesksAssignmentUITests.framework; sourceTree = BUILT_PRODUCTS_DIR; };
/* End PBXFileReference section */

/* Begin PBXFrameworksBuildPhase section */
		A30B6DF020A4C7D5001D6E4B /* Frameworks */ = {
			isa = PBXFrameworksBuildPhase;
			buildActionMask = 2147483647;
			files = (
				ECBD8FC7C144919C5ABDA815 /* Pods_AgentDesksAssignment.framework in Frameworks */,
			);
			runOnlyForDeploymentPostprocessing = 0;
		};
		A30B6E0720A4C7D6001D6E4B /* Frameworks */ = {
			isa = PBXFrameworksBuildPhase;
			buildActionMask = 2147483647;
			files = (
				7802B1D3FD67C1E2609BD3AF /* Pods_AgentDesksAssignmentTests.framework in Frameworks */,
			);
			runOnlyForDeploymentPostprocessing = 0;
		};
		A30B6E1220A4C7D6001D6E4B /* Frameworks */ = {
			isa = PBXFrameworksBuildPhase;
			buildActionMask = 2147483647;
			files = (
				D3940215F7FFF64283660389 /* Pods_AgentDesksAssignmentUITests.framework in Frameworks */,
			);
			runOnlyForDeploymentPostprocessing = 0;
		};
/* End PBXFrameworksBuildPhase section */

/* Begin PBXGroup section */
		8BA3FE8452879FE3129028D9 /* Frameworks */ = {
			isa = PBXGroup;
			children = (
				089749B14956A97FF009C2F0 /* Pods_AgentDesksAssignment.framework */,
				B1881934C270663229B2CB9B /* Pods_AgentDesksAssignmentTests.framework */,
				FCC8DA90FB878F9370EDD8D9 /* Pods_AgentDesksAssignmentUITests.framework */,
			);
			name = Frameworks;
			sourceTree = "<group>";
		};
		A30B6DEA20A4C7D5001D6E4B = {
			isa = PBXGroup;
			children = (
				A30B6DF520A4C7D5001D6E4B /* AgentDesksAssignment */,
				A30B6E0D20A4C7D6001D6E4B /* AgentDesksAssignmentTests */,
				A30B6E1820A4C7D6001D6E4B /* AgentDesksAssignmentUITests */,
				A30B6DF420A4C7D5001D6E4B /* Products */,
				DB77636C68C27BB5132C13A7 /* Pods */,
				8BA3FE8452879FE3129028D9 /* Frameworks */,
			);
			sourceTree = "<group>";
		};
		A30B6DF420A4C7D5001D6E4B /* Products */ = {
			isa = PBXGroup;
			children = (
				A30B6DF320A4C7D5001D6E4B /* AgentDesksAssignment.app */,
				A30B6E0A20A4C7D6001D6E4B /* AgentDesksAssignmentTests.xctest */,
				A30B6E1520A4C7D6001D6E4B /* AgentDesksAssignmentUITests.xctest */,
			);
			name = Products;
			sourceTree = "<group>";
		};
		A30B6DF520A4C7D5001D6E4B /* AgentDesksAssignment */ = {
			isa = PBXGroup;
			children = (
				A30B6E5020A4DA6D001D6E4B /* Worker */,
				A30B6E2720A4C81E001D6E4B /* Reusable components */,
				A30B6DF620A4C7D5001D6E4B /* AppDelegate.swift */,
				A30B6DF820A4C7D5001D6E4B /* ViewController.swift */,
				A30B6DFA20A4C7D5001D6E4B /* Main.storyboard */,
				A30B6E0020A4C7D6001D6E4B /* Assets.xcassets */,
				A30B6E0220A4C7D6001D6E4B /* LaunchScreen.storyboard */,
				A30B6E0520A4C7D6001D6E4B /* Info.plist */,
				A30B6DFD20A4C7D5001D6E4B /* AgentDesksAssignment.xcdatamodeld */,
			);
			path = AgentDesksAssignment;
			sourceTree = "<group>";
		};
		A30B6E0D20A4C7D6001D6E4B /* AgentDesksAssignmentTests */ = {
			isa = PBXGroup;
			children = (
				A30B6E0E20A4C7D6001D6E4B /* AgentDesksAssignmentTests.swift */,
				A30B6E1020A4C7D6001D6E4B /* Info.plist */,
			);
			path = AgentDesksAssignmentTests;
			sourceTree = "<group>";
		};
		A30B6E1820A4C7D6001D6E4B /* AgentDesksAssignmentUITests */ = {
			isa = PBXGroup;
			children = (
				A30B6E1920A4C7D6001D6E4B /* AgentDesksAssignmentUITests.swift */,
				A30B6E1B20A4C7D6001D6E4B /* Info.plist */,
			);
			path = AgentDesksAssignmentUITests;
			sourceTree = "<group>";
		};
		A30B6E2720A4C81E001D6E4B /* Reusable components */ = {
			isa = PBXGroup;
			children = (
				A30B6E2820A4C81E001D6E4B /* PopoverView.swift */,
				A30B6E2920A4C81E001D6E4B /* UiView+XIB.swift */,
				A30B6E2A20A4C81E001D6E4B /* PopoverView.xib */,
			);
			path = "Reusable components";
			sourceTree = "<group>";
		};
		A30B6E5020A4DA6D001D6E4B /* Worker */ = {
			isa = PBXGroup;
			children = (
				A30B6E3020A4CA70001D6E4B /* FacilitiesInteractor+Alamofire.swift */,
				A30B6E2E20A4CA52001D6E4B /* FacilitiesInteractor.swift */,
			);
			path = Worker;
			sourceTree = "<group>";
		};
		DB77636C68C27BB5132C13A7 /* Pods */ = {
			isa = PBXGroup;
			children = (
				00804FB995413D20F4F90C57 /* Pods-AgentDesksAssignment.debug.xcconfig */,
				88100DC709336D1617EBD7A4 /* Pods-AgentDesksAssignment.release.xcconfig */,
				999A4F7BD9F2E74F2170C642 /* Pods-AgentDesksAssignmentTests.debug.xcconfig */,
				DEE38B3BC8D76A419C4DD5CC /* Pods-AgentDesksAssignmentTests.release.xcconfig */,
				9E56AAD99872627E45A6E903 /* Pods-AgentDesksAssignmentUITests.debug.xcconfig */,
				37BF70E12CEEFF85F7883A47 /* Pods-AgentDesksAssignmentUITests.release.xcconfig */,
			);
			name = Pods;
			sourceTree = "<group>";
		};
/* End PBXGroup section */

/* Begin PBXNativeTarget section */
		A30B6DF220A4C7D5001D6E4B /* AgentDesksAssignment */ = {
			isa = PBXNativeTarget;
			buildConfigurationList = A30B6E1E20A4C7D6001D6E4B /* Build configuration list for PBXNativeTarget "AgentDesksAssignment" */;
			buildPhases = (
				CE148572296A29820C9E5DF3 /* [CP] Check Pods Manifest.lock */,
				A30B6DEF20A4C7D5001D6E4B /* Sources */,
				A30B6DF020A4C7D5001D6E4B /* Frameworks */,
				A30B6DF120A4C7D5001D6E4B /* Resources */,
				23BA5536C09DF07D617E9154 /* [CP] Embed Pods Frameworks */,
				C1A5507967D4126B8466A074 /* [CP] Copy Pods Resources */,
			);
			buildRules = (
			);
			dependencies = (
			);
			name = AgentDesksAssignment;
			productName = AgentDesksAssignment;
			productReference = A30B6DF320A4C7D5001D6E4B /* AgentDesksAssignment.app */;
			productType = "com.apple.product-type.application";
		};
		A30B6E0920A4C7D6001D6E4B /* AgentDesksAssignmentTests */ = {
			isa = PBXNativeTarget;
			buildConfigurationList = A30B6E2120A4C7D6001D6E4B /* Build configuration list for PBXNativeTarget "AgentDesksAssignmentTests" */;
			buildPhases = (
				E8B9C0F731530CAFF0D483D7 /* [CP] Check Pods Manifest.lock */,
				A30B6E0620A4C7D6001D6E4B /* Sources */,
				A30B6E0720A4C7D6001D6E4B /* Frameworks */,
				A30B6E0820A4C7D6001D6E4B /* Resources */,
				0EE6DE548AE5321F7B1A0C9C /* [CP] Embed Pods Frameworks */,
				55173E7F875188419E27C6F6 /* [CP] Copy Pods Resources */,
			);
			buildRules = (
			);
			dependencies = (
				A30B6E0C20A4C7D6001D6E4B /* PBXTargetDependency */,
			);
			name = AgentDesksAssignmentTests;
			productName = AgentDesksAssignmentTests;
			productReference = A30B6E0A20A4C7D6001D6E4B /* AgentDesksAssignmentTests.xctest */;
			productType = "com.apple.product-type.bundle.unit-test";
		};
		A30B6E1420A4C7D6001D6E4B /* AgentDesksAssignmentUITests */ = {
			isa = PBXNativeTarget;
			buildConfigurationList = A30B6E2420A4C7D6001D6E4B /* Build configuration list for PBXNativeTarget "AgentDesksAssignmentUITests" */;
			buildPhases = (
				B245C3B7E086815BC1960E01 /* [CP] Check Pods Manifest.lock */,
				A30B6E1120A4C7D6001D6E4B /* Sources */,
				A30B6E1220A4C7D6001D6E4B /* Frameworks */,
				A30B6E1320A4C7D6001D6E4B /* Resources */,
				813DD0A76FF52301076118A5 /* [CP] Embed Pods Frameworks */,
				08BF54F84DDBE5F0B82F54C7 /* [CP] Copy Pods Resources */,
			);
			buildRules = (
			);
			dependencies = (
				A30B6E1720A4C7D6001D6E4B /* PBXTargetDependency */,
			);
			name = AgentDesksAssignmentUITests;
			productName = AgentDesksAssignmentUITests;
			productReference = A30B6E1520A4C7D6001D6E4B /* AgentDesksAssignmentUITests.xctest */;
			productType = "com.apple.product-type.bundle.ui-testing";
		};
/* End PBXNativeTarget section */

/* Begin PBXProject section */
		A30B6DEB20A4C7D5001D6E4B /* Project object */ = {
			isa = PBXProject;
			attributes = {
				LastSwiftUpdateCheck = 0930;
				LastUpgradeCheck = 0930;
				ORGANIZATIONNAME = Himanshu;
				TargetAttributes = {
					A30B6DF220A4C7D5001D6E4B = {
						CreatedOnToolsVersion = 9.3;
					};
					A30B6E0920A4C7D6001D6E4B = {
						CreatedOnToolsVersion = 9.3;
						TestTargetID = A30B6DF220A4C7D5001D6E4B;
					};
					A30B6E1420A4C7D6001D6E4B = {
						CreatedOnToolsVersion = 9.3;
						TestTargetID = A30B6DF220A4C7D5001D6E4B;
					};
				};
			};
			buildConfigurationList = A30B6DEE20A4C7D5001D6E4B /* Build configuration list for PBXProject "AgentDesksAssignment" */;
			compatibilityVersion = "Xcode 9.3";
			developmentRegion = en;
			hasScannedForEncodings = 0;
			knownRegions = (
				en,
				Base,
			);
			mainGroup = A30B6DEA20A4C7D5001D6E4B;
			productRefGroup = A30B6DF420A4C7D5001D6E4B /* Products */;
			projectDirPath = "";
			projectRoot = "";
			targets = (
				A30B6DF220A4C7D5001D6E4B /* AgentDesksAssignment */,
				A30B6E0920A4C7D6001D6E4B /* AgentDesksAssignmentTests */,
				A30B6E1420A4C7D6001D6E4B /* AgentDesksAssignmentUITests */,
			);
		};
/* End PBXProject section */

/* Begin PBXResourcesBuildPhase section */
		A30B6DF120A4C7D5001D6E4B /* Resources */ = {
			isa = PBXResourcesBuildPhase;
			buildActionMask = 2147483647;
			files = (
				A30B6E0420A4C7D6001D6E4B /* LaunchScreen.storyboard in Resources */,
				A30B6E0120A4C7D6001D6E4B /* Assets.xcassets in Resources */,
				A30B6E2D20A4C81E001D6E4B /* PopoverView.xib in Resources */,
				A30B6DFC20A4C7D5001D6E4B /* Main.storyboard in Resources */,
			);
			runOnlyForDeploymentPostprocessing = 0;
		};
		A30B6E0820A4C7D6001D6E4B /* Resources */ = {
			isa = PBXResourcesBuildPhase;
			buildActionMask = 2147483647;
			files = (
			);
			runOnlyForDeploymentPostprocessing = 0;
		};
		A30B6E1320A4C7D6001D6E4B /* Resources */ = {
			isa = PBXResourcesBuildPhase;
			buildActionMask = 2147483647;
			files = (
			);
			runOnlyForDeploymentPostprocessing = 0;
		};
/* End PBXResourcesBuildPhase section */

/* Begin PBXShellScriptBuildPhase section */
		08BF54F84DDBE5F0B82F54C7 /* [CP] Copy Pods Resources */ = {
			isa = PBXShellScriptBuildPhase;
			buildActionMask = 2147483647;
			files = (
			);
			inputPaths = (
			);
			name = "[CP] Copy Pods Resources";
			outputPaths = (
			);
			runOnlyForDeploymentPostprocessing = 0;
			shellPath = /bin/sh;
			shellScript = "\"${SRCROOT}/Pods/Target Support Files/Pods-AgentDesksAssignmentUITests/Pods-AgentDesksAssignmentUITests-resources.sh\"\n";
			showEnvVarsInLog = 0;
		};
		0EE6DE548AE5321F7B1A0C9C /* [CP] Embed Pods Frameworks */ = {
			isa = PBXShellScriptBuildPhase;
			buildActionMask = 2147483647;
			files = (
			);
			inputPaths = (
			);
			name = "[CP] Embed Pods Frameworks";
			outputPaths = (
			);
			runOnlyForDeploymentPostprocessing = 0;
			shellPath = /bin/sh;
			shellScript = "\"${SRCROOT}/Pods/Target Support Files/Pods-AgentDesksAssignmentTests/Pods-AgentDesksAssignmentTests-frameworks.sh\"\n";
			showEnvVarsInLog = 0;
		};
		23BA5536C09DF07D617E9154 /* [CP] Embed Pods Frameworks */ = {
			isa = PBXShellScriptBuildPhase;
			buildActionMask = 2147483647;
			files = (
			);
			inputPaths = (
				"${SRCROOT}/Pods/Target Support Files/Pods-AgentDesksAssignment/Pods-AgentDesksAssignment-frameworks.sh",
				"${BUILT_PRODUCTS_DIR}/Alamofire/Alamofire.framework",
				"${BUILT_PRODUCTS_DIR}/SwiftyJSON/SwiftyJSON.framework",
			);
			name = "[CP] Embed Pods Frameworks";
			outputPaths = (
				"${TARGET_BUILD_DIR}/${FRAMEWORKS_FOLDER_PATH}/Alamofire.framework",
				"${TARGET_BUILD_DIR}/${FRAMEWORKS_FOLDER_PATH}/SwiftyJSON.framework",
			);
			runOnlyForDeploymentPostprocessing = 0;
			shellPath = /bin/sh;
			shellScript = "\"${SRCROOT}/Pods/Target Support Files/Pods-AgentDesksAssignment/Pods-AgentDesksAssignment-frameworks.sh\"\n";
			showEnvVarsInLog = 0;
		};
		55173E7F875188419E27C6F6 /* [CP] Copy Pods Resources */ = {
			isa = PBXShellScriptBuildPhase;
			buildActionMask = 2147483647;
			files = (
			);
			inputPaths = (
			);
			name = "[CP] Copy Pods Resources";
			outputPaths = (
			);
			runOnlyForDeploymentPostprocessing = 0;
			shellPath = /bin/sh;
			shellScript = "\"${SRCROOT}/Pods/Target Support Files/Pods-AgentDesksAssignmentTests/Pods-AgentDesksAssignmentTests-resources.sh\"\n";
			showEnvVarsInLog = 0;
		};
		813DD0A76FF52301076118A5 /* [CP] Embed Pods Frameworks */ = {
			isa = PBXShellScriptBuildPhase;
			buildActionMask = 2147483647;
			files = (
			);
			inputPaths = (
			);
			name = "[CP] Embed Pods Frameworks";
			outputPaths = (
			);
			runOnlyForDeploymentPostprocessing = 0;
			shellPath = /bin/sh;
			shellScript = "\"${SRCROOT}/Pods/Target Support Files/Pods-AgentDesksAssignmentUITests/Pods-AgentDesksAssignmentUITests-frameworks.sh\"\n";
			showEnvVarsInLog = 0;
		};
		B245C3B7E086815BC1960E01 /* [CP] Check Pods Manifest.lock */ = {
			isa = PBXShellScriptBuildPhase;
			buildActionMask = 2147483647;
			files = (
			);
			inputPaths = (
				"${PODS_PODFILE_DIR_PATH}/Podfile.lock",
				"${PODS_ROOT}/Manifest.lock",
			);
			name = "[CP] Check Pods Manifest.lock";
			outputPaths = (
				"$(DERIVED_FILE_DIR)/Pods-AgentDesksAssignmentUITests-checkManifestLockResult.txt",
			);
			runOnlyForDeploymentPostprocessing = 0;
			shellPath = /bin/sh;
			shellScript = "diff \"${PODS_PODFILE_DIR_PATH}/Podfile.lock\" \"${PODS_ROOT}/Manifest.lock\" > /dev/null\nif [ $? != 0 ] ; then\n    # print error to STDERR\n    echo \"error: The sandbox is not in sync with the Podfile.lock. Run 'pod install' or update your CocoaPods installation.\" >&2\n    exit 1\nfi\n# This output is used by Xcode 'outputs' to avoid re-running this script phase.\necho \"SUCCESS\" > \"${SCRIPT_OUTPUT_FILE_0}\"\n";
			showEnvVarsInLog = 0;
		};
		C1A5507967D4126B8466A074 /* [CP] Copy Pods Resources */ = {
			isa = PBXShellScriptBuildPhase;
			buildActionMask = 2147483647;
			files = (
			);
			inputPaths = (
			);
			name = "[CP] Copy Pods Resources";
			outputPaths = (
			);
			runOnlyForDeploymentPostprocessing = 0;
			shellPath = /bin/sh;
			shellScript = "\"${SRCROOT}/Pods/Target Support Files/Pods-AgentDesksAssignment/Pods-AgentDesksAssignment-resources.sh\"\n";
			showEnvVarsInLog = 0;
		};
		CE148572296A29820C9E5DF3 /* [CP] Check Pods Manifest.lock */ = {
			isa = PBXShellScriptBuildPhase;
			buildActionMask = 2147483647;
			files = (
			);
			inputPaths = (
				"${PODS_PODFILE_DIR_PATH}/Podfile.lock",
				"${PODS_ROOT}/Manifest.lock",
			);
			name = "[CP] Check Pods Manifest.lock";
			outputPaths = (
				"$(DERIVED_FILE_DIR)/Pods-AgentDesksAssignment-checkManifestLockResult.txt",
			);
			runOnlyForDeploymentPostprocessing = 0;
			shellPath = /bin/sh;
			shellScript = "diff \"${PODS_PODFILE_DIR_PATH}/Podfile.lock\" \"${PODS_ROOT}/Manifest.lock\" > /dev/null\nif [ $? != 0 ] ; then\n    # print error to STDERR\n    echo \"error: The sandbox is not in sync with the Podfile.lock. Run 'pod install' or update your CocoaPods installation.\" >&2\n    exit 1\nfi\n# This output is used by Xcode 'outputs' to avoid re-running this script phase.\necho \"SUCCESS\" > \"${SCRIPT_OUTPUT_FILE_0}\"\n";
			showEnvVarsInLog = 0;
		};
		E8B9C0F731530CAFF0D483D7 /* [CP] Check Pods Manifest.lock */ = {
			isa = PBXShellScriptBuildPhase;
			buildActionMask = 2147483647;
			files = (
			);
			inputPaths = (
				"${PODS_PODFILE_DIR_PATH}/Podfile.lock",
				"${PODS_ROOT}/Manifest.lock",
			);
			name = "[CP] Check Pods Manifest.lock";
			outputPaths = (
				"$(DERIVED_FILE_DIR)/Pods-AgentDesksAssignmentTests-checkManifestLockResult.txt",
			);
			runOnlyForDeploymentPostprocessing = 0;
			shellPath = /bin/sh;
			shellScript = "diff \"${PODS_PODFILE_DIR_PATH}/Podfile.lock\" \"${PODS_ROOT}/Manifest.lock\" > /dev/null\nif [ $? != 0 ] ; then\n    # print error to STDERR\n    echo \"error: The sandbox is not in sync with the Podfile.lock. Run 'pod install' or update your CocoaPods installation.\" >&2\n    exit 1\nfi\n# This output is used by Xcode 'outputs' to avoid re-running this script phase.\necho \"SUCCESS\" > \"${SCRIPT_OUTPUT_FILE_0}\"\n";
			showEnvVarsInLog = 0;
		};
/* End PBXShellScriptBuildPhase section */

/* Begin PBXSourcesBuildPhase section */
		A30B6DEF20A4C7D5001D6E4B /* Sources */ = {
			isa = PBXSourcesBuildPhase;
			buildActionMask = 2147483647;
			files = (
				A30B6DFF20A4C7D5001D6E4B /* AgentDesksAssignment.xcdatamodeld in Sources */,
				A30B6E2F20A4CA52001D6E4B /* FacilitiesInteractor.swift in Sources */,
				A30B6E3120A4CA70001D6E4B /* FacilitiesInteractor+Alamofire.swift in Sources */,
				A30B6DF920A4C7D5001D6E4B /* ViewController.swift in Sources */,
				A30B6E2B20A4C81E001D6E4B /* PopoverView.swift in Sources */,
				A30B6DF720A4C7D5001D6E4B /* AppDelegate.swift in Sources */,
				A30B6E2C20A4C81E001D6E4B /* UiView+XIB.swift in Sources */,
			);
			runOnlyForDeploymentPostprocessing = 0;
		};
		A30B6E0620A4C7D6001D6E4B /* Sources */ = {
			isa = PBXSourcesBuildPhase;
			buildActionMask = 2147483647;
			files = (
				A30B6E0F20A4C7D6001D6E4B /* AgentDesksAssignmentTests.swift in Sources */,
			);
			runOnlyForDeploymentPostprocessing = 0;
		};
		A30B6E1120A4C7D6001D6E4B /* Sources */ = {
			isa = PBXSourcesBuildPhase;
			buildActionMask = 2147483647;
			files = (
				A30B6E1A20A4C7D6001D6E4B /* AgentDesksAssignmentUITests.swift in Sources */,
			);
			runOnlyForDeploymentPostprocessing = 0;
		};
/* End PBXSourcesBuildPhase section */

/* Begin PBXTargetDependency section */
		A30B6E0C20A4C7D6001D6E4B /* PBXTargetDependency */ = {
			isa = PBXTargetDependency;
			target = A30B6DF220A4C7D5001D6E4B /* AgentDesksAssignment */;
			targetProxy = A30B6E0B20A4C7D6001D6E4B /* PBXContainerItemProxy */;
		};
		A30B6E1720A4C7D6001D6E4B /* PBXTargetDependency */ = {
			isa = PBXTargetDependency;
			target = A30B6DF220A4C7D5001D6E4B /* AgentDesksAssignment */;
			targetProxy = A30B6E1620A4C7D6001D6E4B /* PBXContainerItemProxy */;
		};
/* End PBXTargetDependency section */

/* Begin PBXVariantGroup section */
		A30B6DFA20A4C7D5001D6E4B /* Main.storyboard */ = {
			isa = PBXVariantGroup;
			children = (
				A30B6DFB20A4C7D5001D6E4B /* Base */,
			);
			name = Main.storyboard;
			sourceTree = "<group>";
		};
		A30B6E0220A4C7D6001D6E4B /* LaunchScreen.storyboard */ = {
			isa = PBXVariantGroup;
			children = (
				A30B6E0320A4C7D6001D6E4B /* Base */,
			);
			name = LaunchScreen.storyboard;
			sourceTree = "<group>";
		};
/* End PBXVariantGroup section */

/* Begin XCBuildConfiguration section */
		A30B6E1C20A4C7D6001D6E4B /* Debug */ = {
			isa = XCBuildConfiguration;
			buildSettings = {
				ALWAYS_SEARCH_USER_PATHS = NO;
				CLANG_ANALYZER_NONNULL = YES;
				CLANG_ANALYZER_NUMBER_OBJECT_CONVERSION = YES_AGGRESSIVE;
				CLANG_CXX_LANGUAGE_STANDARD = "gnu++14";
				CLANG_CXX_LIBRARY = "libc++";
				CLANG_ENABLE_MODULES = YES;
				CLANG_ENABLE_OBJC_ARC = YES;
				CLANG_ENABLE_OBJC_WEAK = YES;
				CLANG_WARN_BLOCK_CAPTURE_AUTORELEASING = YES;
				CLANG_WARN_BOOL_CONVERSION = YES;
				CLANG_WARN_COMMA = YES;
				CLANG_WARN_CONSTANT_CONVERSION = YES;
				CLANG_WARN_DEPRECATED_OBJC_IMPLEMENTATIONS = YES;
				CLANG_WARN_DIRECT_OBJC_ISA_USAGE = YES_ERROR;
				CLANG_WARN_DOCUMENTATION_COMMENTS = YES;
				CLANG_WARN_EMPTY_BODY = YES;
				CLANG_WARN_ENUM_CONVERSION = YES;
				CLANG_WARN_INFINITE_RECURSION = YES;
				CLANG_WARN_INT_CONVERSION = YES;
				CLANG_WARN_NON_LITERAL_NULL_CONVERSION = YES;
				CLANG_WARN_OBJC_IMPLICIT_RETAIN_SELF = YES;
				CLANG_WARN_OBJC_LITERAL_CONVERSION = YES;
				CLANG_WARN_OBJC_ROOT_CLASS = YES_ERROR;
				CLANG_WARN_RANGE_LOOP_ANALYSIS = YES;
				CLANG_WARN_STRICT_PROTOTYPES = YES;
				CLANG_WARN_SUSPICIOUS_MOVE = YES;
				CLANG_WARN_UNGUARDED_AVAILABILITY = YES_AGGRESSIVE;
				CLANG_WARN_UNREACHABLE_CODE = YES;
				CLANG_WARN__DUPLICATE_METHOD_MATCH = YES;
				CODE_SIGN_IDENTITY = "iPhone Developer";
				COPY_PHASE_STRIP = NO;
				DEBUG_INFORMATION_FORMAT = dwarf;
				ENABLE_STRICT_OBJC_MSGSEND = YES;
				ENABLE_TESTABILITY = YES;
				GCC_C_LANGUAGE_STANDARD = gnu11;
				GCC_DYNAMIC_NO_PIC = NO;
				GCC_NO_COMMON_BLOCKS = YES;
				GCC_OPTIMIZATION_LEVEL = 0;
				GCC_PREPROCESSOR_DEFINITIONS = (
					"DEBUG=1",
					"$(inherited)",
				);
				GCC_WARN_64_TO_32_BIT_CONVERSION = YES;
				GCC_WARN_ABOUT_RETURN_TYPE = YES_ERROR;
				GCC_WARN_UNDECLARED_SELECTOR = YES;
				GCC_WARN_UNINITIALIZED_AUTOS = YES_AGGRESSIVE;
				GCC_WARN_UNUSED_FUNCTION = YES;
				GCC_WARN_UNUSED_VARIABLE = YES;
				IPHONEOS_DEPLOYMENT_TARGET = 11.3;
				MTL_ENABLE_DEBUG_INFO = YES;
				ONLY_ACTIVE_ARCH = YES;
				SDKROOT = iphoneos;
				SWIFT_ACTIVE_COMPILATION_CONDITIONS = DEBUG;
				SWIFT_OPTIMIZATION_LEVEL = "-Onone";
			};
			name = Debug;
		};
		A30B6E1D20A4C7D6001D6E4B /* Release */ = {
			isa = XCBuildConfiguration;
			buildSettings = {
				ALWAYS_SEARCH_USER_PATHS = NO;
				CLANG_ANALYZER_NONNULL = YES;
				CLANG_ANALYZER_NUMBER_OBJECT_CONVERSION = YES_AGGRESSIVE;
				CLANG_CXX_LANGUAGE_STANDARD = "gnu++14";
				CLANG_CXX_LIBRARY = "libc++";
				CLANG_ENABLE_MODULES = YES;
				CLANG_ENABLE_OBJC_ARC = YES;
				CLANG_ENABLE_OBJC_WEAK = YES;
				CLANG_WARN_BLOCK_CAPTURE_AUTORELEASING = YES;
				CLANG_WARN_BOOL_CONVERSION = YES;
				CLANG_WARN_COMMA = YES;
				CLANG_WARN_CONSTANT_CONVERSION = YES;
				CLANG_WARN_DEPRECATED_OBJC_IMPLEMENTATIONS = YES;
				CLANG_WARN_DIRECT_OBJC_ISA_USAGE = YES_ERROR;
				CLANG_WARN_DOCUMENTATION_COMMENTS = YES;
				CLANG_WARN_EMPTY_BODY = YES;
				CLANG_WARN_ENUM_CONVERSION = YES;
				CLANG_WARN_INFINITE_RECURSION = YES;
				CLANG_WARN_INT_CONVERSION = YES;
				CLANG_WARN_NON_LITERAL_NULL_CONVERSION = YES;
				CLANG_WARN_OBJC_IMPLICIT_RETAIN_SELF = YES;
				CLANG_WARN_OBJC_LITERAL_CONVERSION = YES;
				CLANG_WARN_OBJC_ROOT_CLASS = YES_ERROR;
				CLANG_WARN_RANGE_LOOP_ANALYSIS = YES;
				CLANG_WARN_STRICT_PROTOTYPES = YES;
				CLANG_WARN_SUSPICIOUS_MOVE = YES;
				CLANG_WARN_UNGUARDED_AVAILABILITY = YES_AGGRESSIVE;
				CLANG_WARN_UNREACHABLE_CODE = YES;
				CLANG_WARN__DUPLICATE_METHOD_MATCH = YES;
				CODE_SIGN_IDENTITY = "iPhone Developer";
				COPY_PHASE_STRIP = NO;
				DEBUG_INFORMATION_FORMAT = "dwarf-with-dsym";
				ENABLE_NS_ASSERTIONS = NO;
				ENABLE_STRICT_OBJC_MSGSEND = YES;
				GCC_C_LANGUAGE_STANDARD = gnu11;
				GCC_NO_COMMON_BLOCKS = YES;
				GCC_WARN_64_TO_32_BIT_CONVERSION = YES;
				GCC_WARN_ABOUT_RETURN_TYPE = YES_ERROR;
				GCC_WARN_UNDECLARED_SELECTOR = YES;
				GCC_WARN_UNINITIALIZED_AUTOS = YES_AGGRESSIVE;
				GCC_WARN_UNUSED_FUNCTION = YES;
				GCC_WARN_UNUSED_VARIABLE = YES;
				IPHONEOS_DEPLOYMENT_TARGET = 11.3;
				MTL_ENABLE_DEBUG_INFO = NO;
				SDKROOT = iphoneos;
				SWIFT_COMPILATION_MODE = wholemodule;
				SWIFT_OPTIMIZATION_LEVEL = "-O";
				VALIDATE_PRODUCT = YES;
			};
			name = Release;
		};
		A30B6E1F20A4C7D6001D6E4B /* Debug */ = {
			isa = XCBuildConfiguration;
			baseConfigurationReference = 00804FB995413D20F4F90C57 /* Pods-AgentDesksAssignment.debug.xcconfig */;
			buildSettings = {
				ASSETCATALOG_COMPILER_APPICON_NAME = AppIcon;
				CODE_SIGN_STYLE = Automatic;
				INFOPLIST_FILE = AgentDesksAssignment/Info.plist;
				LD_RUNPATH_SEARCH_PATHS = (
					"$(inherited)",
					"@executable_path/Frameworks",
				);
				PRODUCT_BUNDLE_IDENTIFIER = AgentDesksAssignment.AgentDesksAssignment;
				PRODUCT_NAME = "$(TARGET_NAME)";
				SWIFT_VERSION = 4.0;
				TARGETED_DEVICE_FAMILY = "1,2";
			};
			name = Debug;
		};
		A30B6E2020A4C7D6001D6E4B /* Release */ = {
			isa = XCBuildConfiguration;
			baseConfigurationReference = 88100DC709336D1617EBD7A4 /* Pods-AgentDesksAssignment.release.xcconfig */;
			buildSettings = {
				ASSETCATALOG_COMPILER_APPICON_NAME = AppIcon;
				CODE_SIGN_STYLE = Automatic;
				INFOPLIST_FILE = AgentDesksAssignment/Info.plist;
				LD_RUNPATH_SEARCH_PATHS = (
					"$(inherited)",
					"@executable_path/Frameworks",
				);
				PRODUCT_BUNDLE_IDENTIFIER = AgentDesksAssignment.AgentDesksAssignment;
				PRODUCT_NAME = "$(TARGET_NAME)";
				SWIFT_VERSION = 4.0;
				TARGETED_DEVICE_FAMILY = "1,2";
			};
			name = Release;
		};
		A30B6E2220A4C7D6001D6E4B /* Debug */ = {
			isa = XCBuildConfiguration;
			baseConfigurationReference = 999A4F7BD9F2E74F2170C642 /* Pods-AgentDesksAssignmentTests.debug.xcconfig */;
			buildSettings = {
				ALWAYS_EMBED_SWIFT_STANDARD_LIBRARIES = YES;
				BUNDLE_LOADER = "$(TEST_HOST)";
				CODE_SIGN_STYLE = Automatic;
				INFOPLIST_FILE = AgentDesksAssignmentTests/Info.plist;
				LD_RUNPATH_SEARCH_PATHS = (
					"$(inherited)",
					"@executable_path/Frameworks",
					"@loader_path/Frameworks",
				);
				PRODUCT_BUNDLE_IDENTIFIER = AgentDesksAssignment.AgentDesksAssignmentTests;
				PRODUCT_NAME = "$(TARGET_NAME)";
				SWIFT_VERSION = 4.0;
				TARGETED_DEVICE_FAMILY = "1,2";
				TEST_HOST = "$(BUILT_PRODUCTS_DIR)/AgentDesksAssignment.app/AgentDesksAssignment";
			};
			name = Debug;
		};
		A30B6E2320A4C7D6001D6E4B /* Release */ = {
			isa = XCBuildConfiguration;
			baseConfigurationReference = DEE38B3BC8D76A419C4DD5CC /* Pods-AgentDesksAssignmentTests.release.xcconfig */;
			buildSettings = {
				ALWAYS_EMBED_SWIFT_STANDARD_LIBRARIES = YES;
				BUNDLE_LOADER = "$(TEST_HOST)";
				CODE_SIGN_STYLE = Automatic;
				INFOPLIST_FILE = AgentDesksAssignmentTests/Info.plist;
				LD_RUNPATH_SEARCH_PATHS = (
					"$(inherited)",
					"@executable_path/Frameworks",
					"@loader_path/Frameworks",
				);
				PRODUCT_BUNDLE_IDENTIFIER = AgentDesksAssignment.AgentDesksAssignmentTests;
				PRODUCT_NAME = "$(TARGET_NAME)";
				SWIFT_VERSION = 4.0;
				TARGETED_DEVICE_FAMILY = "1,2";
				TEST_HOST = "$(BUILT_PRODUCTS_DIR)/AgentDesksAssignment.app/AgentDesksAssignment";
			};
			name = Release;
		};
		A30B6E2520A4C7D6001D6E4B /* Debug */ = {
			isa = XCBuildConfiguration;
			baseConfigurationReference = 9E56AAD99872627E45A6E903 /* Pods-AgentDesksAssignmentUITests.debug.xcconfig */;
			buildSettings = {
				ALWAYS_EMBED_SWIFT_STANDARD_LIBRARIES = YES;
				CODE_SIGN_STYLE = Automatic;
				INFOPLIST_FILE = AgentDesksAssignmentUITests/Info.plist;
				LD_RUNPATH_SEARCH_PATHS = (
					"$(inherited)",
					"@executable_path/Frameworks",
					"@loader_path/Frameworks",
				);
				PRODUCT_BUNDLE_IDENTIFIER = AgentDesksAssignment.AgentDesksAssignmentUITests;
				PRODUCT_NAME = "$(TARGET_NAME)";
				SWIFT_VERSION = 4.0;
				TARGETED_DEVICE_FAMILY = "1,2";
				TEST_TARGET_NAME = AgentDesksAssignment;
			};
			name = Debug;
		};
		A30B6E2620A4C7D6001D6E4B /* Release */ = {
			isa = XCBuildConfiguration;
			baseConfigurationReference = 37BF70E12CEEFF85F7883A47 /* Pods-AgentDesksAssignmentUITests.release.xcconfig */;
			buildSettings = {
				ALWAYS_EMBED_SWIFT_STANDARD_LIBRARIES = YES;
				CODE_SIGN_STYLE = Automatic;
				INFOPLIST_FILE = AgentDesksAssignmentUITests/Info.plist;
				LD_RUNPATH_SEARCH_PATHS = (
					"$(inherited)",
					"@executable_path/Frameworks",
					"@loader_path/Frameworks",
				);
				PRODUCT_BUNDLE_IDENTIFIER = AgentDesksAssignment.AgentDesksAssignmentUITests;
				PRODUCT_NAME = "$(TARGET_NAME)";
				SWIFT_VERSION = 4.0;
				TARGETED_DEVICE_FAMILY = "1,2";
				TEST_TARGET_NAME = AgentDesksAssignment;
			};
			name = Release;
		};
/* End XCBuildConfiguration section */

/* Begin XCConfigurationList section */
		A30B6DEE20A4C7D5001D6E4B /* Build configuration list for PBXProject "AgentDesksAssignment" */ = {
			isa = XCConfigurationList;
			buildConfigurations = (
				A30B6E1C20A4C7D6001D6E4B /* Debug */,
				A30B6E1D20A4C7D6001D6E4B /* Release */,
			);
			defaultConfigurationIsVisible = 0;
			defaultConfigurationName = Release;
		};
		A30B6E1E20A4C7D6001D6E4B /* Build configuration list for PBXNativeTarget "AgentDesksAssignment" */ = {
			isa = XCConfigurationList;
			buildConfigurations = (
				A30B6E1F20A4C7D6001D6E4B /* Debug */,
				A30B6E2020A4C7D6001D6E4B /* Release */,
			);
			defaultConfigurationIsVisible = 0;
			defaultConfigurationName = Release;
		};
		A30B6E2120A4C7D6001D6E4B /* Build configuration list for PBXNativeTarget "AgentDesksAssignmentTests" */ = {
			isa = XCConfigurationList;
			buildConfigurations = (
				A30B6E2220A4C7D6001D6E4B /* Debug */,
				A30B6E2320A4C7D6001D6E4B /* Release */,
			);
			defaultConfigurationIsVisible = 0;
			defaultConfigurationName = Release;
		};
		A30B6E2420A4C7D6001D6E4B /* Build configuration list for PBXNativeTarget "AgentDesksAssignmentUITests" */ = {
			isa = XCConfigurationList;
			buildConfigurations = (
				A30B6E2520A4C7D6001D6E4B /* Debug */,
				A30B6E2620A4C7D6001D6E4B /* Release */,
			);
			defaultConfigurationIsVisible = 0;
			defaultConfigurationName = Release;
		};
/* End XCConfigurationList section */

/* Begin XCVersionGroup section */
		A30B6DFD20A4C7D5001D6E4B /* AgentDesksAssignment.xcdatamodeld */ = {
			isa = XCVersionGroup;
			children = (
				A30B6DFE20A4C7D5001D6E4B /* AgentDesksAssignment.xcdatamodel */,
			);
			currentVersion = A30B6DFE20A4C7D5001D6E4B /* AgentDesksAssignment.xcdatamodel */;
			path = AgentDesksAssignment.xcdatamodeld;
			sourceTree = "<group>";
			versionGroupType = wrapper.xcdatamodel;
		};
/* End XCVersionGroup section */
	};
	rootObject = A30B6DEB20A4C7D5001D6E4B /* Project object */;
}
